
Microsoft Visual Studio Solution File, Format Version 12.00
# Visual Studio 15
VisualStudioVersion = 15.0.28307.1267
MinimumVisualStudioVersion = 10.0.40219.1
Project("{FAE04EC0-301F-11D3-BF4B-00C04F79EFBC}") = "Exercise2_051_MuhammadRifqiFirmansyah", "Exercise2_051_MuhammadRifqiFirmansyah\Exercise2_051_MuhammadRifqiFirmansyah.csproj", "{CA4ABE14-0E41-4545-A5E7-782FA35285DC}"
EndProject
Project("{FAE04EC0-301F-11D3-BF4B-00C04F79EFBC}") = "Server_051", "Server_051\Server_051.csproj", "{C3ED7575-1A57-4BE4-AD55-A557B5B2E833}"
EndProject
Project("{FAE04EC0-301F-11D3-BF4B-00C04F79EFBC}") = "Service_051", "Service_051\Service_051.csproj", "{0A7A7C7F-E0D0-4235-A53F-A4C22C4AC010}"
EndProject
Global
	GlobalSection(SolutionConfigurationPlatforms) = preSolution
		Debug|Any CPU = Debug|Any CPU
		Release|Any CPU = Release|Any CPU
	EndGlobalSection
	GlobalSection(ProjectConfigurationPlatforms) = postSolution
		{CA4ABE14-0E41-4545-A5E7-782FA35285DC}.Debug|Any CPU.ActiveCfg = Debug|Any CPU
		{CA4ABE14-0E41-4545-A5E7-782FA35285DC}.Debug|Any CPU.Build.0 = Debug|Any CPU
		{CA4ABE14-0E41-4545-A5E7-782FA35285DC}.Release|Any CPU.ActiveCfg = Release|Any CPU
		{CA4ABE14-0E41-4545-A5E7-782FA35285DC}.Release|Any CPU.Build.0 = Release|Any CPU
		{C3ED7575-1A57-4BE4-AD55-A557B5B2E833}.Debug|Any CPU.ActiveCfg = Debug|Any CPU
		{C3ED7575-1A57-4BE4-AD55-A557B5B2E833}.Debug|Any CPU.Build.0 = Debug|Any CPU
		{C3ED7575-1A57-4BE4-AD55-A557B5B2E833}.Release|Any CPU.ActiveCfg = Release|Any CPU
		{C3ED7575-1A57-4BE4-AD55-A557B5B2E833}.Release|Any CPU.Build.0 = Release|Any CPU
		{0A7A7C7F-E0D0-4235-A53F-A4C22C4AC010}.Debug|Any CPU.ActiveCfg = Debug|Any CPU
		{0A7A7C7F-E0D0-4235-A53F-A4C22C4AC010}.Debug|Any CPU.Build.0 = Debug|Any CPU
		{0A7A7C7F-E0D0-4235-A53F-A4C22C4AC010}.Release|Any CPU.ActiveCfg = Release|Any CPU
		{0A7A7C7F-E0D0-4235-A53F-A4C22C4AC010}.Release|Any CPU.Build.0 = Release|Any CPU
	EndGlobalSection
	GlobalSection(SolutionProperties) = preSolution
		HideSolutionNode = FALSE
	EndGlobalSection
	GlobalSection(ExtensibilityGlobals) = postSolution
		SolutionGuid = {A7BA830B-F80C-4AB7-99F7-7EB621B9267F}
	EndGlobalSection
EndGlobal
